// !$*UTF8*$!
{
	archiveVersion = 1;
	classes = {
	};
	objectVersion = 46;
	objects = {

/* Begin PBXBuildFile section */
		24614C1A1EF57D330025C6DE /* AppDelegate.swift in Sources */ = {isa = PBXBuildFile; fileRef = 24614C191EF57D330025C6DE /* AppDelegate.swift */; };
		24614C201EF57D330025C6DE /* GameScene.swift in Sources */ = {isa = PBXBuildFile; fileRef = 24614C1F1EF57D330025C6DE /* GameScene.swift */; };
		24614C221EF57D330025C6DE /* GameViewController.swift in Sources */ = {isa = PBXBuildFile; fileRef = 24614C211EF57D330025C6DE /* GameViewController.swift */; };
		24614C251EF57D330025C6DE /* Main.storyboard in Resources */ = {isa = PBXBuildFile; fileRef = 24614C231EF57D330025C6DE /* Main.storyboard */; };
		24614C271EF57D330025C6DE /* Assets.xcassets in Resources */ = {isa = PBXBuildFile; fileRef = 24614C261EF57D330025C6DE /* Assets.xcassets */; };
		24706DA21F073971005B3D19 /* rollover3.wav in Resources */ = {isa = PBXBuildFile; fileRef = 24706DA11F073971005B3D19 /* rollover3.wav */; };
		24706DA41F073FEE005B3D19 /* switch6.wav in Resources */ = {isa = PBXBuildFile; fileRef = 24706DA31F073FEE005B3D19 /* switch6.wav */; };
		24706DA61F074600005B3D19 /* powerUp7.mp3 in Resources */ = {isa = PBXBuildFile; fileRef = 24706DA51F074600005B3D19 /* powerUp7.mp3 */; };
		24706DA81F074687005B3D19 /* powerUp4.mp3 in Resources */ = {isa = PBXBuildFile; fileRef = 24706DA71F074687005B3D19 /* powerUp4.mp3 */; };
		24A4124F1F0A984700E8111A /* LevelSelectVC.swift in Sources */ = {isa = PBXBuildFile; fileRef = 24A4124E1F0A984700E8111A /* LevelSelectVC.swift */; };
		24A4125D1F0AE29A00E8111A /* Level.swift in Sources */ = {isa = PBXBuildFile; fileRef = 24A4125C1F0AE29A00E8111A /* Level.swift */; };
		24E6C6391EF9A68B00D39B9B /* menuVC.swift in Sources */ = {isa = PBXBuildFile; fileRef = 24E6C6381EF9A68B00D39B9B /* menuVC.swift */; };
		24E946661EFD6D750012A35A /* GoogleMobileAds.framework in Frameworks */ = {isa = PBXBuildFile; fileRef = 24E946651EFD6D750012A35A /* GoogleMobileAds.framework */; settings = {ATTRIBUTES = (Required, ); }; };
		24E9466A1EFD6F080012A35A /* EventKit.framework in Frameworks */ = {isa = PBXBuildFile; fileRef = 24E946681EFD6F080012A35A /* EventKit.framework */; };
		24E9466B1EFD6F080012A35A /* EventKitUI.framework in Frameworks */ = {isa = PBXBuildFile; fileRef = 24E946691EFD6F080012A35A /* EventKitUI.framework */; };
		24E9466D1EFD6F170012A35A /* AVFoundation.framework in Frameworks */ = {isa = PBXBuildFile; fileRef = 24E9466C1EFD6F170012A35A /* AVFoundation.framework */; };
		24E9466F1EFD6F1F0012A35A /* AdSupport.framework in Frameworks */ = {isa = PBXBuildFile; fileRef = 24E9466E1EFD6F1F0012A35A /* AdSupport.framework */; };
		24E946711EFD6F370012A35A /* AudioToolbox.framework in Frameworks */ = {isa = PBXBuildFile; fileRef = 24E946701EFD6F370012A35A /* AudioToolbox.framework */; };
		24E946731EFD6F4F0012A35A /* CoreGraphics.framework in Frameworks */ = {isa = PBXBuildFile; fileRef = 24E946721EFD6F4F0012A35A /* CoreGraphics.framework */; };
		24E946751EFD6F5A0012A35A /* CoreTelephony.framework in Frameworks */ = {isa = PBXBuildFile; fileRef = 24E946741EFD6F5A0012A35A /* CoreTelephony.framework */; };
		24E946771EFD6F690012A35A /* CoreMedia.framework in Frameworks */ = {isa = PBXBuildFile; fileRef = 24E946761EFD6F690012A35A /* CoreMedia.framework */; };
		24E946791EFD6F790012A35A /* MessageUI.framework in Frameworks */ = {isa = PBXBuildFile; fileRef = 24E946781EFD6F790012A35A /* MessageUI.framework */; };
		24E9467B1EFD6F850012A35A /* StoreKit.framework in Frameworks */ = {isa = PBXBuildFile; fileRef = 24E9467A1EFD6F850012A35A /* StoreKit.framework */; };
		24E9467D1EFD6F930012A35A /* SystemConfiguration.framework in Frameworks */ = {isa = PBXBuildFile; fileRef = 24E9467C1EFD6F930012A35A /* SystemConfiguration.framework */; };
		24E9467F1EFD770D0012A35A /* GoogleService-Info.plist in Resources */ = {isa = PBXBuildFile; fileRef = 24E9467E1EFD770D0012A35A /* GoogleService-Info.plist */; };
		2FEA22179A4AF2F2217FA3AB /* Pods_Tile_Flip.framework in Frameworks */ = {isa = PBXBuildFile; fileRef = 2D511C871DC30C0C5751C48B /* Pods_Tile_Flip.framework */; };
/* End PBXBuildFile section */

/* Begin PBXFileReference section */
		24614C161EF57D330025C6DE /* Tile Flip.app */ = {isa = PBXFileReference; explicitFileType = wrapper.application; includeInIndex = 0; path = "Tile Flip.app"; sourceTree = BUILT_PRODUCTS_DIR; };
		24614C191EF57D330025C6DE /* AppDelegate.swift */ = {isa = PBXFileReference; lastKnownFileType = sourcecode.swift; path = AppDelegate.swift; sourceTree = "<group>"; };
		24614C1F1EF57D330025C6DE /* GameScene.swift */ = {isa = PBXFileReference; lastKnownFileType = sourcecode.swift; path = GameScene.swift; sourceTree = "<group>"; };
		24614C211EF57D330025C6DE /* GameViewController.swift */ = {isa = PBXFileReference; lastKnownFileType = sourcecode.swift; path = GameViewController.swift; sourceTree = "<group>"; };
		24614C241EF57D330025C6DE /* Base */ = {isa = PBXFileReference; lastKnownFileType = file.storyboard; name = Base; path = Base.lproj/Main.storyboard; sourceTree = "<group>"; };
		24614C261EF57D330025C6DE /* Assets.xcassets */ = {isa = PBXFileReference; lastKnownFileType = folder.assetcatalog; path = Assets.xcassets; sourceTree = "<group>"; };
		24614C2B1EF57D330025C6DE /* Info.plist */ = {isa = PBXFileReference; lastKnownFileType = text.plist.xml; path = Info.plist; sourceTree = "<group>"; };
		24706DA11F073971005B3D19 /* rollover3.wav */ = {isa = PBXFileReference; lastKnownFileType = audio.wav; path = rollover3.wav; sourceTree = "<group>"; };
		24706DA31F073FEE005B3D19 /* switch6.wav */ = {isa = PBXFileReference; lastKnownFileType = audio.wav; path = switch6.wav; sourceTree = "<group>"; };
		24706DA51F074600005B3D19 /* powerUp7.mp3 */ = {isa = PBXFileReference; lastKnownFileType = audio.mp3; path = powerUp7.mp3; sourceTree = "<group>"; };
		24706DA71F074687005B3D19 /* powerUp4.mp3 */ = {isa = PBXFileReference; lastKnownFileType = audio.mp3; path = powerUp4.mp3; sourceTree = "<group>"; };
		24A4124E1F0A984700E8111A /* LevelSelectVC.swift */ = {isa = PBXFileReference; fileEncoding = 4; lastKnownFileType = sourcecode.swift; path = LevelSelectVC.swift; sourceTree = "<group>"; };
		24A4125C1F0AE29A00E8111A /* Level.swift */ = {isa = PBXFileReference; fileEncoding = 4; lastKnownFileType = sourcecode.swift; path = Level.swift; sourceTree = "<group>"; };
		24DC6FC31F142FDC00888F75 /* Tile Flip.entitlements */ = {isa = PBXFileReference; lastKnownFileType = text.plist.entitlements; path = "Tile Flip.entitlements"; sourceTree = "<group>"; };
		24E6C6381EF9A68B00D39B9B /* menuVC.swift */ = {isa = PBXFileReference; fileEncoding = 4; lastKnownFileType = sourcecode.swift; path = menuVC.swift; sourceTree = "<group>"; };
		24E946651EFD6D750012A35A /* GoogleMobileAds.framework */ = {isa = PBXFileReference; lastKnownFileType = wrapper.framework; path = GoogleMobileAds.framework; sourceTree = "<group>"; };
		24E946681EFD6F080012A35A /* EventKit.framework */ = {isa = PBXFileReference; lastKnownFileType = wrapper.framework; name = EventKit.framework; path = System/Library/Frameworks/EventKit.framework; sourceTree = SDKROOT; };
		24E946691EFD6F080012A35A /* EventKitUI.framework */ = {isa = PBXFileReference; lastKnownFileType = wrapper.framework; name = EventKitUI.framework; path = System/Library/Frameworks/EventKitUI.framework; sourceTree = SDKROOT; };
		24E9466C1EFD6F170012A35A /* AVFoundation.framework */ = {isa = PBXFileReference; lastKnownFileType = wrapper.framework; name = AVFoundation.framework; path = System/Library/Frameworks/AVFoundation.framework; sourceTree = SDKROOT; };
		24E9466E1EFD6F1F0012A35A /* AdSupport.framework */ = {isa = PBXFileReference; lastKnownFileType = wrapper.framework; name = AdSupport.framework; path = System/Library/Frameworks/AdSupport.framework; sourceTree = SDKROOT; };
		24E946701EFD6F370012A35A /* AudioToolbox.framework */ = {isa = PBXFileReference; lastKnownFileType = wrapper.framework; name = AudioToolbox.framework; path = System/Library/Frameworks/AudioToolbox.framework; sourceTree = SDKROOT; };
		24E946721EFD6F4F0012A35A /* CoreGraphics.framework */ = {isa = PBXFileReference; lastKnownFileType = wrapper.framework; name = CoreGraphics.framework; path = System/Library/Frameworks/CoreGraphics.framework; sourceTree = SDKROOT; };
		24E946741EFD6F5A0012A35A /* CoreTelephony.framework */ = {isa = PBXFileReference; lastKnownFileType = wrapper.framework; name = CoreTelephony.framework; path = System/Library/Frameworks/CoreTelephony.framework; sourceTree = SDKROOT; };
		24E946761EFD6F690012A35A /* CoreMedia.framework */ = {isa = PBXFileReference; lastKnownFileType = wrapper.framework; name = CoreMedia.framework; path = System/Library/Frameworks/CoreMedia.framework; sourceTree = SDKROOT; };
		24E946781EFD6F790012A35A /* MessageUI.framework */ = {isa = PBXFileReference; lastKnownFileType = wrapper.framework; name = MessageUI.framework; path = System/Library/Frameworks/MessageUI.framework; sourceTree = SDKROOT; };
		24E9467A1EFD6F850012A35A /* StoreKit.framework */ = {isa = PBXFileReference; lastKnownFileType = wrapper.framework; name = StoreKit.framework; path = System/Library/Frameworks/StoreKit.framework; sourceTree = SDKROOT; };
		24E9467C1EFD6F930012A35A /* SystemConfiguration.framework */ = {isa = PBXFileReference; lastKnownFileType = wrapper.framework; name = SystemConfiguration.framework; path = System/Library/Frameworks/SystemConfiguration.framework; sourceTree = SDKROOT; };
		24E9467E1EFD770D0012A35A /* GoogleService-Info.plist */ = {isa = PBXFileReference; fileEncoding = 4; lastKnownFileType = text.plist.xml; path = "GoogleService-Info.plist"; sourceTree = "<group>"; };
		2D511C871DC30C0C5751C48B /* Pods_Tile_Flip.framework */ = {isa = PBXFileReference; explicitFileType = wrapper.framework; includeInIndex = 0; path = Pods_Tile_Flip.framework; sourceTree = BUILT_PRODUCTS_DIR; };
		5CA90CE4E8889EBAB6098D2D /* Pods-Tile Flip.debug.xcconfig */ = {isa = PBXFileReference; includeInIndex = 1; lastKnownFileType = text.xcconfig; name = "Pods-Tile Flip.debug.xcconfig"; path = "Pods/Target Support Files/Pods-Tile Flip/Pods-Tile Flip.debug.xcconfig"; sourceTree = "<group>"; };
		A855D1495CB69F28B06776EB /* Pods-Tile Flip.release.xcconfig */ = {isa = PBXFileReference; includeInIndex = 1; lastKnownFileType = text.xcconfig; name = "Pods-Tile Flip.release.xcconfig"; path = "Pods/Target Support Files/Pods-Tile Flip/Pods-Tile Flip.release.xcconfig"; sourceTree = "<group>"; };
/* End PBXFileReference section */

/* Begin PBXFrameworksBuildPhase section */
		24614C131EF57D330025C6DE /* Frameworks */ = {
			isa = PBXFrameworksBuildPhase;
			buildActionMask = 2147483647;
			files = (
				24E9467D1EFD6F930012A35A /* SystemConfiguration.framework in Frameworks */,
				24E9467B1EFD6F850012A35A /* StoreKit.framework in Frameworks */,
				24E946791EFD6F790012A35A /* MessageUI.framework in Frameworks */,
				24E946771EFD6F690012A35A /* CoreMedia.framework in Frameworks */,
				24E946751EFD6F5A0012A35A /* CoreTelephony.framework in Frameworks */,
				24E946731EFD6F4F0012A35A /* CoreGraphics.framework in Frameworks */,
				24E9466D1EFD6F170012A35A /* AVFoundation.framework in Frameworks */,
				24E946711EFD6F370012A35A /* AudioToolbox.framework in Frameworks */,
				24E9466F1EFD6F1F0012A35A /* AdSupport.framework in Frameworks */,
				24E9466A1EFD6F080012A35A /* EventKit.framework in Frameworks */,
				24E9466B1EFD6F080012A35A /* EventKitUI.framework in Frameworks */,
				24E946661EFD6D750012A35A /* GoogleMobileAds.framework in Frameworks */,
				2FEA22179A4AF2F2217FA3AB /* Pods_Tile_Flip.framework in Frameworks */,
			);
			runOnlyForDeploymentPostprocessing = 0;
		};
/* End PBXFrameworksBuildPhase section */

/* Begin PBXGroup section */
		0F5515DC077A60B97D6E8A25 /* Pods */ = {
			isa = PBXGroup;
			children = (
				5CA90CE4E8889EBAB6098D2D /* Pods-Tile Flip.debug.xcconfig */,
				A855D1495CB69F28B06776EB /* Pods-Tile Flip.release.xcconfig */,
			);
			name = Pods;
			sourceTree = "<group>";
		};
		24614C0D1EF57D330025C6DE = {
			isa = PBXGroup;
			children = (
				24614C181EF57D330025C6DE /* Tile Flip */,
				24614C171EF57D330025C6DE /* Products */,
				24E946671EFD6F080012A35A /* Frameworks */,
				0F5515DC077A60B97D6E8A25 /* Pods */,
			);
			sourceTree = "<group>";
		};
		24614C171EF57D330025C6DE /* Products */ = {
			isa = PBXGroup;
			children = (
				24614C161EF57D330025C6DE /* Tile Flip.app */,
			);
			name = Products;
			sourceTree = "<group>";
		};
		24614C181EF57D330025C6DE /* Tile Flip */ = {
			isa = PBXGroup;
			children = (
				24DC6FC31F142FDC00888F75 /* Tile Flip.entitlements */,
				24E946651EFD6D750012A35A /* GoogleMobileAds.framework */,
				24614C191EF57D330025C6DE /* AppDelegate.swift */,
				24614C1F1EF57D330025C6DE /* GameScene.swift */,
				24614C211EF57D330025C6DE /* GameViewController.swift */,
				24A4125C1F0AE29A00E8111A /* Level.swift */,
				24614C231EF57D330025C6DE /* Main.storyboard */,
				24A4124E1F0A984700E8111A /* LevelSelectVC.swift */,
				24E6C6381EF9A68B00D39B9B /* menuVC.swift */,
				24614C261EF57D330025C6DE /* Assets.xcassets */,
				24706DA71F074687005B3D19 /* powerUp4.mp3 */,
				24706DA11F073971005B3D19 /* rollover3.wav */,
				24706DA31F073FEE005B3D19 /* switch6.wav */,
				24706DA51F074600005B3D19 /* powerUp7.mp3 */,
				24614C2B1EF57D330025C6DE /* Info.plist */,
				24E9467E1EFD770D0012A35A /* GoogleService-Info.plist */,
			);
			path = "Tile Flip";
			sourceTree = "<group>";
		};
		24E946671EFD6F080012A35A /* Frameworks */ = {
			isa = PBXGroup;
			children = (
				24E9467C1EFD6F930012A35A /* SystemConfiguration.framework */,
				24E9467A1EFD6F850012A35A /* StoreKit.framework */,
				24E946781EFD6F790012A35A /* MessageUI.framework */,
				24E946761EFD6F690012A35A /* CoreMedia.framework */,
				24E946741EFD6F5A0012A35A /* CoreTelephony.framework */,
				24E946721EFD6F4F0012A35A /* CoreGraphics.framework */,
				24E946701EFD6F370012A35A /* AudioToolbox.framework */,
				24E9466E1EFD6F1F0012A35A /* AdSupport.framework */,
				24E9466C1EFD6F170012A35A /* AVFoundation.framework */,
				24E946681EFD6F080012A35A /* EventKit.framework */,
				24E946691EFD6F080012A35A /* EventKitUI.framework */,
				2D511C871DC30C0C5751C48B /* Pods_Tile_Flip.framework */,
			);
			name = Frameworks;
			sourceTree = "<group>";
		};
/* End PBXGroup section */

/* Begin PBXNativeTarget section */
		24614C151EF57D330025C6DE /* Tile Flip */ = {
			isa = PBXNativeTarget;
			buildConfigurationList = 24614C2E1EF57D330025C6DE /* Build configuration list for PBXNativeTarget "Tile Flip" */;
			buildPhases = (
				342E4A630E161BCD8C19AA0A /* [CP] Check Pods Manifest.lock */,
				24614C121EF57D330025C6DE /* Sources */,
				24614C131EF57D330025C6DE /* Frameworks */,
				24614C141EF57D330025C6DE /* Resources */,
				70FCAC742B76C4DF732444A6 /* [CP] Embed Pods Frameworks */,
				9906A422287F614650635A0F /* [CP] Copy Pods Resources */,
			);
			buildRules = (
			);
			dependencies = (
			);
			name = "Tile Flip";
			productName = "Tile Flip";
			productReference = 24614C161EF57D330025C6DE /* Tile Flip.app */;
			productType = "com.apple.product-type.application";
		};
/* End PBXNativeTarget section */

/* Begin PBXProject section */
		24614C0E1EF57D330025C6DE /* Project object */ = {
			isa = PBXProject;
			attributes = {
				LastSwiftUpdateCheck = 0830;
				LastUpgradeCheck = 0830;
				ORGANIZATIONNAME = "Chris Hemmer";
				TargetAttributes = {
					24614C151EF57D330025C6DE = {
						CreatedOnToolsVersion = 8.3.2;
						DevelopmentTeam = DZY8992G3X;
						ProvisioningStyle = Automatic;
						SystemCapabilities = {
							com.apple.Push = {
								enabled = 0;
							};
						};
					};
				};
			};
			buildConfigurationList = 24614C111EF57D330025C6DE /* Build configuration list for PBXProject "Tile Flip" */;
			compatibilityVersion = "Xcode 3.2";
			developmentRegion = English;
			hasScannedForEncodings = 0;
			knownRegions = (
				en,
				Base,
			);
			mainGroup = 24614C0D1EF57D330025C6DE;
			productRefGroup = 24614C171EF57D330025C6DE /* Products */;
			projectDirPath = "";
			projectRoot = "";
			targets = (
				24614C151EF57D330025C6DE /* Tile Flip */,
			);
		};
/* End PBXProject section */

/* Begin PBXResourcesBuildPhase section */
		24614C141EF57D330025C6DE /* Resources */ = {
			isa = PBXResourcesBuildPhase;
			buildActionMask = 2147483647;
			files = (
				24614C251EF57D330025C6DE /* Main.storyboard in Resources */,
				24614C271EF57D330025C6DE /* Assets.xcassets in Resources */,
				24706DA61F074600005B3D19 /* powerUp7.mp3 in Resources */,
				24706DA21F073971005B3D19 /* rollover3.wav in Resources */,
				24706DA81F074687005B3D19 /* powerUp4.mp3 in Resources */,
				24706DA41F073FEE005B3D19 /* switch6.wav in Resources */,
				24E9467F1EFD770D0012A35A /* GoogleService-Info.plist in Resources */,
			);
			runOnlyForDeploymentPostprocessing = 0;
		};
/* End PBXResourcesBuildPhase section */

/* Begin PBXShellScriptBuildPhase section */
		342E4A630E161BCD8C19AA0A /* [CP] Check Pods Manifest.lock */ = {
			isa = PBXShellScriptBuildPhase;
			buildActionMask = 2147483647;
			files = (
			);
			inputPaths = (
			);
			name = "[CP] Check Pods Manifest.lock";
			outputPaths = (
			);
			runOnlyForDeploymentPostprocessing = 0;
			shellPath = /bin/sh;
			shellScript = "diff \"${PODS_PODFILE_DIR_PATH}/Podfile.lock\" \"${PODS_ROOT}/Manifest.lock\" > /dev/null\nif [ $? != 0 ] ; then\n    # print error to STDERR\n    echo \"error: The sandbox is not in sync with the Podfile.lock. Run 'pod install' or update your CocoaPods installation.\" >&2\n    exit 1\nfi\n";
			showEnvVarsInLog = 0;
		};
		70FCAC742B76C4DF732444A6 /* [CP] Embed Pods Frameworks */ = {
			isa = PBXShellScriptBuildPhase;
			buildActionMask = 2147483647;
			files = (
			);
			inputPaths = (
			);
			name = "[CP] Embed Pods Frameworks";
			outputPaths = (
			);
			runOnlyForDeploymentPostprocessing = 0;
			shellPath = /bin/sh;
			shellScript = "\"${SRCROOT}/Pods/Target Support Files/Pods-Tile Flip/Pods-Tile Flip-frameworks.sh\"\n";
			showEnvVarsInLog = 0;
		};
		9906A422287F614650635A0F /* [CP] Copy Pods Resources */ = {
			isa = PBXShellScriptBuildPhase;
			buildActionMask = 2147483647;
			files = (
			);
			inputPaths = (
			);
			name = "[CP] Copy Pods Resources";
			outputPaths = (
			);
			runOnlyForDeploymentPostprocessing = 0;
			shellPath = /bin/sh;
			shellScript = "\"${SRCROOT}/Pods/Target Support Files/Pods-Tile Flip/Pods-Tile Flip-resources.sh\"\n";
			showEnvVarsInLog = 0;
		};
/* End PBXShellScriptBuildPhase section */

/* Begin PBXSourcesBuildPhase section */
		24614C121EF57D330025C6DE /* Sources */ = {
			isa = PBXSourcesBuildPhase;
			buildActionMask = 2147483647;
			files = (
				24A4125D1F0AE29A00E8111A /* Level.swift in Sources */,
				24614C201EF57D330025C6DE /* GameScene.swift in Sources */,
				24E6C6391EF9A68B00D39B9B /* menuVC.swift in Sources */,
				24A4124F1F0A984700E8111A /* LevelSelectVC.swift in Sources */,
				24614C221EF57D330025C6DE /* GameViewController.swift in Sources */,
				24614C1A1EF57D330025C6DE /* AppDelegate.swift in Sources */,
			);
			runOnlyForDeploymentPostprocessing = 0;
		};
/* End PBXSourcesBuildPhase section */

/* Begin PBXVariantGroup section */
		24614C231EF57D330025C6DE /* Main.storyboard */ = {
			isa = PBXVariantGroup;
			children = (
				24614C241EF57D330025C6DE /* Base */,
			);
			name = Main.storyboard;
			sourceTree = "<group>";
		};
/* End PBXVariantGroup section */

/* Begin XCBuildConfiguration section */
		24614C2C1EF57D330025C6DE /* Debug */ = {
			isa = XCBuildConfiguration;
			buildSettings = {
				ALWAYS_SEARCH_USER_PATHS = NO;
				CLANG_ANALYZER_NONNULL = YES;
				CLANG_ANALYZER_NUMBER_OBJECT_CONVERSION = YES_AGGRESSIVE;
				CLANG_CXX_LANGUAGE_STANDARD = "gnu++0x";
				CLANG_CXX_LIBRARY = "libc++";
				CLANG_ENABLE_MODULES = YES;
				CLANG_ENABLE_OBJC_ARC = YES;
				CLANG_WARN_BOOL_CONVERSION = YES;
				CLANG_WARN_CONSTANT_CONVERSION = YES;
				CLANG_WARN_DIRECT_OBJC_ISA_USAGE = YES_ERROR;
				CLANG_WARN_DOCUMENTATION_COMMENTS = YES;
				CLANG_WARN_EMPTY_BODY = YES;
				CLANG_WARN_ENUM_CONVERSION = YES;
				CLANG_WARN_INFINITE_RECURSION = YES;
				CLANG_WARN_INT_CONVERSION = YES;
				CLANG_WARN_OBJC_ROOT_CLASS = YES_ERROR;
				CLANG_WARN_SUSPICIOUS_MOVE = YES;
				CLANG_WARN_UNREACHABLE_CODE = YES;
				CLANG_WARN__DUPLICATE_METHOD_MATCH = YES;
				"CODE_SIGN_IDENTITY[sdk=iphoneos*]" = "iPhone Developer";
				COPY_PHASE_STRIP = NO;
				DEBUG_INFORMATION_FORMAT = dwarf;
				ENABLE_STRICT_OBJC_MSGSEND = YES;
				ENABLE_TESTABILITY = YES;
				GCC_C_LANGUAGE_STANDARD = gnu99;
				GCC_DYNAMIC_NO_PIC = NO;
				GCC_NO_COMMON_BLOCKS = YES;
				GCC_OPTIMIZATION_LEVEL = 0;
				GCC_PREPROCESSOR_DEFINITIONS = (
					"DEBUG=1",
					"$(inherited)",
				);
				GCC_WARN_64_TO_32_BIT_CONVERSION = YES;
				GCC_WARN_ABOUT_RETURN_TYPE = YES_ERROR;
				GCC_WARN_UNDECLARED_SELECTOR = YES;
				GCC_WARN_UNINITIALIZED_AUTOS = YES_AGGRESSIVE;
				GCC_WARN_UNUSED_FUNCTION = YES;
				GCC_WARN_UNUSED_VARIABLE = YES;
				IPHONEOS_DEPLOYMENT_TARGET = 10.3;
				MTL_ENABLE_DEBUG_INFO = YES;
				ONLY_ACTIVE_ARCH = YES;
				SDKROOT = iphoneos;
				SWIFT_ACTIVE_COMPILATION_CONDITIONS = DEBUG;
				SWIFT_OPTIMIZATION_LEVEL = "-Onone";
				TARGETED_DEVICE_FAMILY = "1,2";
			};
			name = Debug;
		};
		24614C2D1EF57D330025C6DE /* Release */ = {
			isa = XCBuildConfiguration;
			buildSettings = {
				ALWAYS_SEARCH_USER_PATHS = NO;
				CLANG_ANALYZER_NONNULL = YES;
				CLANG_ANALYZER_NUMBER_OBJECT_CONVERSION = YES_AGGRESSIVE;
				CLANG_CXX_LANGUAGE_STANDARD = "gnu++0x";
				CLANG_CXX_LIBRARY = "libc++";
				CLANG_ENABLE_MODULES = YES;
				CLANG_ENABLE_OBJC_ARC = YES;
				CLANG_WARN_BOOL_CONVERSION = YES;
				CLANG_WARN_CONSTANT_CONVERSION = YES;
				CLANG_WARN_DIRECT_OBJC_ISA_USAGE = YES_ERROR;
				CLANG_WARN_DOCUMENTATION_COMMENTS = YES;
				CLANG_WARN_EMPTY_BODY = YES;
				CLANG_WARN_ENUM_CONVERSION = YES;
				CLANG_WARN_INFINITE_RECURSION = YES;
				CLANG_WARN_INT_CONVERSION = YES;
				CLANG_WARN_OBJC_ROOT_CLASS = YES_ERROR;
				CLANG_WARN_SUSPICIOUS_MOVE = YES;
				CLANG_WARN_UNREACHABLE_CODE = YES;
				CLANG_WARN__DUPLICATE_METHOD_MATCH = YES;
				"CODE_SIGN_IDENTITY[sdk=iphoneos*]" = "iPhone Developer";
				COPY_PHASE_STRIP = NO;
				DEBUG_INFORMATION_FORMAT = "dwarf-with-dsym";
				ENABLE_NS_ASSERTIONS = NO;
				ENABLE_STRICT_OBJC_MSGSEND = YES;
				GCC_C_LANGUAGE_STANDARD = gnu99;
				GCC_NO_COMMON_BLOCKS = YES;
				GCC_WARN_64_TO_32_BIT_CONVERSION = YES;
				GCC_WARN_ABOUT_RETURN_TYPE = YES_ERROR;
				GCC_WARN_UNDECLARED_SELECTOR = YES;
				GCC_WARN_UNINITIALIZED_AUTOS = YES_AGGRESSIVE;
				GCC_WARN_UNUSED_FUNCTION = YES;
				GCC_WARN_UNUSED_VARIABLE = YES;
				IPHONEOS_DEPLOYMENT_TARGET = 10.3;
				MTL_ENABLE_DEBUG_INFO = NO;
				SDKROOT = iphoneos;
				SWIFT_OPTIMIZATION_LEVEL = "-Owholemodule";
				TARGETED_DEVICE_FAMILY = "1,2";
				VALIDATE_PRODUCT = YES;
			};
			name = Release;
		};
		24614C2F1EF57D330025C6DE /* Debug */ = {
			isa = XCBuildConfiguration;
			baseConfigurationReference = 5CA90CE4E8889EBAB6098D2D /* Pods-Tile Flip.debug.xcconfig */;
			buildSettings = {
				ASSETCATALOG_COMPILER_APPICON_NAME = AppIcon;
				ASSETCATALOG_COMPILER_LAUNCHIMAGE_NAME = LaunchImage;
				DEVELOPMENT_TEAM = DZY8992G3X;
				ENABLE_BITCODE = NO;
				FRAMEWORK_SEARCH_PATHS = (
					"$(inherited)",
					"$(PROJECT_DIR)/Tile\\ Flip",
				);
				INFOPLIST_FILE = "Tile Flip/Info.plist";
				IPHONEOS_DEPLOYMENT_TARGET = 10.3;
				LD_RUNPATH_SEARCH_PATHS = "$(inherited) @executable_path/Frameworks";
				PRODUCT_BUNDLE_IDENTIFIER = "com.ChrisHemmer.Tile-Flip";
				PRODUCT_NAME = "$(TARGET_NAME)";
				SWIFT_VERSION = 3.0;
				TARGETED_DEVICE_FAMILY = "1,2";
			};
			name = Debug;
		};
		24614C301EF57D330025C6DE /* Release */ = {
			isa = XCBuildConfiguration;
			baseConfigurationReference = A855D1495CB69F28B06776EB /* Pods-Tile Flip.release.xcconfig */;
			buildSettings = {
				ASSETCATALOG_COMPILER_APPICON_NAME = AppIcon;
				ASSETCATALOG_COMPILER_LAUNCHIMAGE_NAME = LaunchImage;
				DEVELOPMENT_TEAM = DZY8992G3X;
				ENABLE_BITCODE = NO;
				FRAMEWORK_SEARCH_PATHS = (
					"$(inherited)",
					"$(PROJECT_DIR)/Tile\\ Flip",
				);
				INFOPLIST_FILE = "Tile Flip/Info.plist";
				IPHONEOS_DEPLOYMENT_TARGET = 10.3;
				LD_RUNPATH_SEARCH_PATHS = "$(inherited) @executable_path/Frameworks";
				PRODUCT_BUNDLE_IDENTIFIER = "com.ChrisHemmer.Tile-Flip";
				PRODUCT_NAME = "$(TARGET_NAME)";
				SWIFT_VERSION = 3.0;
				TARGETED_DEVICE_FAMILY = "1,2";
			};
			name = Release;
		};
/* End XCBuildConfiguration section */

/* Begin XCConfigurationList section */
		24614C111EF57D330025C6DE /* Build configuration list for PBXProject "Tile Flip" */ = {
			isa = XCConfigurationList;
			buildConfigurations = (
				24614C2C1EF57D330025C6DE /* Debug */,
				24614C2D1EF57D330025C6DE /* Release */,
			);
			defaultConfigurationIsVisible = 0;
			defaultConfigurationName = Release;
		};
		24614C2E1EF57D330025C6DE /* Build configuration list for PBXNativeTarget "Tile Flip" */ = {
			isa = XCConfigurationList;
			buildConfigurations = (
				24614C2F1EF57D330025C6DE /* Debug */,
				24614C301EF57D330025C6DE /* Release */,
			);
			defaultConfigurationIsVisible = 0;
			defaultConfigurationName = Release;
		};
/* End XCConfigurationList section */
	};
	rootObject = 24614C0E1EF57D330025C6DE /* Project object */;
}
